PODS:
  - Capacitor (8.0.0):
    - CapacitorCordova
  - CapacitorCordova (8.0.0)
  - CapacitorPushNotifications (8.0.0):
    - Capacitor

DEPENDENCIES:
  - "Capacitor (from `../../node_modules/@capacitor/ios`)"
  - "CapacitorCordova (from `../../node_modules/@capacitor/ios`)"
  - "CapacitorPushNotifications (from `../../node_modules/@capacitor/push-notifications`)"

EXTERNAL SOURCES:
  Capacitor:
    :path: "../../node_modules/@capacitor/ios"
  CapacitorCordova:
    :path: "../../node_modules/@capacitor/ios"
  CapacitorPushNotifications:
    :path: "../../node_modules/@capacitor/push-notifications"

SPEC CHECKSUMS:
  Capacitor: 79e40e5e76f852965dce30406c65253fa154e24a
  CapacitorCordova: 5dc3912d25ef770a3fe0f431bb65c9fbfa2e92f9
  CapacitorPushNotifications: 49cd6c474cb03ee171494636693f6f06209469a0

PODFILE CHECKSUM: 4e76ff0ea64f9863b9c3422fa76f389614f2c553

COCOAPODS: 1.14.2
